
Microsoft Visual Studio Solution File, Format Version 12.00
# Visual Studio Version 17
VisualStudioVersion = 17.8.34525.116
MinimumVisualStudioVersion = 10.0.40219.1
Project("{FAE04EC0-301F-11D3-BF4B-00C04F79EFBC}") = "SchoolApi", "SchoolApi\SchoolApi.csproj", "{1BB7FD2A-9E19-4E4D-8FFE-5863026FA47B}"
EndProject
Project("{FAE04EC0-301F-11D3-BF4B-00C04F79EFBC}") = "School.Data", "School.Data\School.Data.csproj", "{F09C3D28-34E5-4B17-9059-1038A44A80FC}"
EndProject
Project("{FAE04EC0-301F-11D3-BF4B-00C04F79EFBC}") = "School.Infrastructure", "School.Infrastructure\School.Infrastructure.csproj", "{B60A5E3B-9FFA-4878-93C5-33E53E41C98B}"
EndProject
Project("{FAE04EC0-301F-11D3-BF4B-00C04F79EFBC}") = "School.Core", "School.Core\School.Core.csproj", "{9CF29960-30CB-4BD1-B731-14CFE6AD4B31}"
EndProject
Project("{FAE04EC0-301F-11D3-BF4B-00C04F79EFBC}") = "School.Service", "School.Service\School.Service.csproj", "{A705D1B9-8468-4203-B766-56EA3C39FDD8}"
EndProject
Global
	GlobalSection(SolutionConfigurationPlatforms) = preSolution
		Debug|Any CPU = Debug|Any CPU
		Release|Any CPU = Release|Any CPU
	EndGlobalSection
	GlobalSection(ProjectConfigurationPlatforms) = postSolution
		{1BB7FD2A-9E19-4E4D-8FFE-5863026FA47B}.Debug|Any CPU.ActiveCfg = Debug|Any CPU
		{1BB7FD2A-9E19-4E4D-8FFE-5863026FA47B}.Debug|Any CPU.Build.0 = Debug|Any CPU
		{1BB7FD2A-9E19-4E4D-8FFE-5863026FA47B}.Release|Any CPU.ActiveCfg = Release|Any CPU
		{1BB7FD2A-9E19-4E4D-8FFE-5863026FA47B}.Release|Any CPU.Build.0 = Release|Any CPU
		{F09C3D28-34E5-4B17-9059-1038A44A80FC}.Debug|Any CPU.ActiveCfg = Debug|Any CPU
		{F09C3D28-34E5-4B17-9059-1038A44A80FC}.Debug|Any CPU.Build.0 = Debug|Any CPU
		{F09C3D28-34E5-4B17-9059-1038A44A80FC}.Release|Any CPU.ActiveCfg = Release|Any CPU
		{F09C3D28-34E5-4B17-9059-1038A44A80FC}.Release|Any CPU.Build.0 = Release|Any CPU
		{B60A5E3B-9FFA-4878-93C5-33E53E41C98B}.Debug|Any CPU.ActiveCfg = Debug|Any CPU
		{B60A5E3B-9FFA-4878-93C5-33E53E41C98B}.Debug|Any CPU.Build.0 = Debug|Any CPU
		{B60A5E3B-9FFA-4878-93C5-33E53E41C98B}.Release|Any CPU.ActiveCfg = Release|Any CPU
		{B60A5E3B-9FFA-4878-93C5-33E53E41C98B}.Release|Any CPU.Build.0 = Release|Any CPU
		{9CF29960-30CB-4BD1-B731-14CFE6AD4B31}.Debug|Any CPU.ActiveCfg = Debug|Any CPU
		{9CF29960-30CB-4BD1-B731-14CFE6AD4B31}.Debug|Any CPU.Build.0 = Debug|Any CPU
		{9CF29960-30CB-4BD1-B731-14CFE6AD4B31}.Release|Any CPU.ActiveCfg = Release|Any CPU
		{9CF29960-30CB-4BD1-B731-14CFE6AD4B31}.Release|Any CPU.Build.0 = Release|Any CPU
		{A705D1B9-8468-4203-B766-56EA3C39FDD8}.Debug|Any CPU.ActiveCfg = Debug|Any CPU
		{A705D1B9-8468-4203-B766-56EA3C39FDD8}.Debug|Any CPU.Build.0 = Debug|Any CPU
		{A705D1B9-8468-4203-B766-56EA3C39FDD8}.Release|Any CPU.ActiveCfg = Release|Any CPU
		{A705D1B9-8468-4203-B766-56EA3C39FDD8}.Release|Any CPU.Build.0 = Release|Any CPU
	EndGlobalSection
	GlobalSection(SolutionProperties) = preSolution
		HideSolutionNode = FALSE
	EndGlobalSection
	GlobalSection(ExtensibilityGlobals) = postSolution
		SolutionGuid = {E75E8725-6E66-46F4-9BF9-D77FBB1BA4E7}
	EndGlobalSection
EndGlobal
